{
    "_meta": {
        "hash": {
            "sha256": "75563705727114cca09fe82de3b6e32c80705a4a316db99207af9ff02097d4b7"
        },
        "pipfile-spec": 6,
        "requires": {
            "python_version": "3.6"
        },
        "sources": [
            {
                "name": "pypi",
                "url": "https://pypi.org/simple",
                "verify_ssl": true
            }
        ]
    },
    "default": {
        "xmlrpclib101": {
            "file": "http://effbot.org/media/downloads/xmlrpclib-1.0.1.zip"
        }
    },
    "develop": {}
}
